<?xml version="1.0" encoding="utf-8"?>
<Project ToolsVersion="4.0" xmlns="http://schemas.microsoft.com/developer/msbuild/2003">
  <ItemGroup>
    <Filter Include="Source Files">
      <UniqueIdentifier>{4FC737F1-C7A5-4376-A066-2A32D752A2FF}</UniqueIdentifier>
      <Extensions>cpp;c;cc;cxx;c++;cppm;ixx;def;odl;idl;hpj;bat;asm;asmx</Extensions>
    </Filter>
    <Filter Include="Header Files">
      <UniqueIdentifier>{93995380-89BD-4b04-88EB-625FBE52EBFB}</UniqueIdentifier>
      <Extensions>h;hh;hpp;hxx;h++;hm;inl;inc;ipp;xsd</Extensions>
    </Filter>
    <Filter Include="Resource Files">
      <UniqueIdentifier>{67DA6AB6-F800-4c08-8B7A-83BB121AAD01}</UniqueIdentifier>
      <Extensions>rc;ico;cur;bmp;dlg;rc2;rct;bin;rgs;gif;jpg;jpeg;jpe;resx;tiff;tif;png;wav;mfcribbon-ms</Extensions>
    </Filter>
    <Filter Include="Shaders">
      <UniqueIdentifier>{2ab57ac7-5336-4b5d-94e8-1d2361f291f0}</UniqueIdentifier>
    </Filter>
    <Filter Include="Source Files\Core">
      <UniqueIdentifier>{53378c48-e0ff-4789-aca5-5f3e135d1ae8}</UniqueIdentifier>
    </Filter>
    <Filter Include="Source Files\GFX">
      <UniqueIdentifier>{1fb5c171-14c9-40d1-8b0a-b8e950b3ab1d}</UniqueIdentifier>
    </Filter>
    <Filter Include="Source Files\Systems">
      <UniqueIdentifier>{88f33deb-f221-48a1-997e-260db8ccccb8}</UniqueIdentifier>
    </Filter>
    <Filter Include="Source Files\Block">
      <UniqueIdentifier>{e3694547-fc6a-4fd8-908b-873ca71e497e}</UniqueIdentifier>
    </Filter>
    <Filter Include="Source Files\Input">
      <UniqueIdentifier>{89f1bb5c-4335-457c-bb4c-75a052004efe}</UniqueIdentifier>
    </Filter>
    <Filter Include="Source Files\Util">
      <UniqueIdentifier>{c2966068-9ee5-460d-bbde-6de29258a31e}</UniqueIdentifier>
    </Filter>
    <Filter Include="Source Files\Perlin">
      <UniqueIdentifier>{24fc5477-e855-4aef-8b54-ce3a03d654db}</UniqueIdentifier>
    </Filter>
  </ItemGroup>
  <ItemGroup>
    <ClCompile Include="Source\main.cpp">
      <Filter>Source Files</Filter>
    </ClCompile>
    <ClCompile Include="Source\App.cpp">
      <Filter>Source Files\Core</Filter>
    </ClCompile>
    <ClCompile Include="Source\Buffer.cpp">
      <Filter>Source Files\Core</Filter>
    </ClCompile>
    <ClCompile Include="Source\Descriptors.cpp">
      <Filter>Source Files\Core</Filter>
    </ClCompile>
    <ClCompile Include="Source\Device.cpp">
      <Filter>Source Files\Core</Filter>
    </ClCompile>
    <ClCompile Include="Source\Instance.cpp">
      <Filter>Source Files\Core</Filter>
    </ClCompile>
    <ClCompile Include="Source\Pipeline.cpp">
      <Filter>Source Files\Core</Filter>
    </ClCompile>
    <ClCompile Include="Source\Swapchain.cpp">
      <Filter>Source Files\Core</Filter>
    </ClCompile>
    <ClCompile Include="Source\Window.cpp">
      <Filter>Source Files\Core</Filter>
    </ClCompile>
    <ClCompile Include="Source\GraphicsPipeline.cpp">
      <Filter>Source Files\GFX</Filter>
    </ClCompile>
    <ClCompile Include="Source\Mesh.cpp">
      <Filter>Source Files\GFX</Filter>
    </ClCompile>
    <ClCompile Include="Source\Renderer.cpp">
      <Filter>Source Files\GFX</Filter>
    </ClCompile>
    <ClCompile Include="Source\Texture.cpp">
      <Filter>Source Files\GFX</Filter>
    </ClCompile>
    <ClCompile Include="Source\SimpleRenderSystem.cpp">
      <Filter>Source Files\Systems</Filter>
    </ClCompile>
    <ClCompile Include="Source\ChunkMesh.cpp">
      <Filter>Source Files\Block</Filter>
    </ClCompile>
    <ClCompile Include="Source\ChunkManager.cpp">
      <Filter>Source Files\Block</Filter>
    </ClCompile>
    <ClCompile Include="Source\ChunkRenderer.cpp">
      <Filter>Source Files\Systems</Filter>
    </ClCompile>
    <ClCompile Include="Source\CameraController.cpp">
      <Filter>Source Files\GFX</Filter>
    </ClCompile>
    <ClCompile Include="Source\InputSystem.cpp">
      <Filter>Source Files\Input</Filter>
    </ClCompile>
    <ClCompile Include="Source\Raytrace.cpp">
      <Filter>Source Files\Util</Filter>
    </ClCompile>
    <ClCompile Include="Source\Noise.cpp">
      <Filter>Source Files\Perlin</Filter>
    </ClCompile>
  </ItemGroup>
  <ItemGroup>
    <ClInclude Include="Source\Common.h">
      <Filter>Source Files</Filter>
    </ClInclude>
    <ClInclude Include="Source\App.h">
      <Filter>Source Files\Core</Filter>
    </ClInclude>
    <ClInclude Include="Source\Buffer.h">
      <Filter>Source Files\Core</Filter>
    </ClInclude>
    <ClInclude Include="Source\Descriptors.h">
      <Filter>Source Files\Core</Filter>
    </ClInclude>
    <ClInclude Include="Source\Device.h">
      <Filter>Source Files\Core</Filter>
    </ClInclude>
    <ClInclude Include="Source\Events.h">
      <Filter>Source Files\Core</Filter>
    </ClInclude>
    <ClInclude Include="Source\Instance.h">
      <Filter>Source Files\Core</Filter>
    </ClInclude>
    <ClInclude Include="Source\Pipeline.h">
      <Filter>Source Files\Core</Filter>
    </ClInclude>
    <ClInclude Include="Source\Swapchain.h">
      <Filter>Source Files\Core</Filter>
    </ClInclude>
    <ClInclude Include="Source\Window.h">
      <Filter>Source Files\Core</Filter>
    </ClInclude>
    <ClInclude Include="Source\GraphicsPipeline.h">
      <Filter>Source Files\GFX</Filter>
    </ClInclude>
    <ClInclude Include="Source\Mesh.h">
      <Filter>Source Files\GFX</Filter>
    </ClInclude>
    <ClInclude Include="Source\Renderer.h">
      <Filter>Source Files\GFX</Filter>
    </ClInclude>
    <ClInclude Include="Source\RenderSystem.h">
      <Filter>Source Files\GFX</Filter>
    </ClInclude>
    <ClInclude Include="Source\Texture.h">
      <Filter>Source Files\GFX</Filter>
    </ClInclude>
    <ClInclude Include="Source\Vertex.h">
      <Filter>Source Files\GFX</Filter>
    </ClInclude>
    <ClInclude Include="Source\SimpleRenderSystem.h">
      <Filter>Source Files\Systems</Filter>
    </ClInclude>
    <ClInclude Include="Source\ChunkMesh.h">
      <Filter>Source Files\Block</Filter>
    </ClInclude>
    <ClInclude Include="Source\ChunkManager.h">
      <Filter>Source Files\Block</Filter>
    </ClInclude>
    <ClInclude Include="Source\ChunkRenderer.h">
      <Filter>Source Files\Systems</Filter>
    </ClInclude>
    <ClInclude Include="Source\Camera.h">
      <Filter>Source Files\GFX</Filter>
    </ClInclude>
    <ClInclude Include="Source\CameraController.h">
      <Filter>Source Files\GFX</Filter>
    </ClInclude>
    <ClInclude Include="Source\InputSystem.h">
      <Filter>Source Files\Input</Filter>
    </ClInclude>
    <ClInclude Include="Source\Block.h">
      <Filter>Source Files\Block</Filter>
    </ClInclude>
    <ClInclude Include="Source\Raytrace.h">
      <Filter>Source Files\Util</Filter>
    </ClInclude>
    <ClInclude Include="Source\Noise.h">
      <Filter>Source Files\Perlin</Filter>
    </ClInclude>
  </ItemGroup>
  <ItemGroup>
    <None Include="Shaders\chunk.frag">
      <Filter>Shaders</Filter>
    </None>
    <None Include="Shaders\chunk.vert">
      <Filter>Shaders</Filter>
    </None>
    <None Include="Shaders\wireframe.frag">
      <Filter>Shaders</Filter>
    </None>
  </ItemGroup>
  <ItemGroup>
    <Image Include="Resources\statue.jpg">
      <Filter>Resource Files</Filter>
    </Image>
  </ItemGroup>
</Project>